Microsoft Visual Studio Solution File, Format Version 12.00
# Visual Studio Version 17
VisualStudioVersion = 17.5.2.0
MinimumVisualStudioVersion = 10.0.40219.1
Project("{FAE04EC0-301F-11D3-BF4B-00C04F79EFBC}") = "backend-project-D", "backend-project-D.csproj", "{D82F856C-7098-4F7B-C94C-BE0C5FDD95FE}"
EndProject
Global
	GlobalSection(SolutionConfigurationPlatforms) = preSolution
		Debug|Any CPU = Debug|Any CPU
		Release|Any CPU = Release|Any CPU
	EndGlobalSection
	GlobalSection(ProjectConfigurationPlatforms) = postSolution
		{D82F856C-7098-4F7B-C94C-BE0C5FDD95FE}.Debug|Any CPU.ActiveCfg = Debug|Any CPU
		{D82F856C-7098-4F7B-C94C-BE0C5FDD95FE}.Debug|Any CPU.Build.0 = Debug|Any CPU
		{D82F856C-7098-4F7B-C94C-BE0C5FDD95FE}.Release|Any CPU.ActiveCfg = Release|Any CPU
		{D82F856C-7098-4F7B-C94C-BE0C5FDD95FE}.Release|Any CPU.Build.0 = Release|Any CPU
	EndGlobalSection
	GlobalSection(SolutionProperties) = preSolution
		HideSolutionNode = FALSE
	EndGlobalSection
	GlobalSection(ExtensibilityGlobals) = postSolution
		SolutionGuid = {43AED1F8-B645-4D55-870A-79E483CFD74A}
	EndGlobalSection
EndGlobal
